
Microsoft Visual Studio Solution File, Format Version 12.00
# Visual Studio Version 17
VisualStudioVersion = 17.7.34009.444
MinimumVisualStudioVersion = 10.0.40219.1
Project("{FAE04EC0-301F-11D3-BF4B-00C04F79EFBC}") = "CalcSquareUnitTestProject", "CalcSquareUnitTestProject\CalcSquareUnitTestProject.csproj", "{ADBEE182-AFE6-46A5-8473-BAA30AAC31B8}"
EndProject
Global
	GlobalSection(SolutionConfigurationPlatforms) = preSolution
		Debug|Any CPU = Debug|Any CPU
		Release|Any CPU = Release|Any CPU
	EndGlobalSection
	GlobalSection(ProjectConfigurationPlatforms) = postSolution
		{ADBEE182-AFE6-46A5-8473-BAA30AAC31B8}.Debug|Any CPU.ActiveCfg = Debug|Any CPU
		{ADBEE182-AFE6-46A5-8473-BAA30AAC31B8}.Debug|Any CPU.Build.0 = Debug|Any CPU
		{ADBEE182-AFE6-46A5-8473-BAA30AAC31B8}.Release|Any CPU.ActiveCfg = Release|Any CPU
		{ADBEE182-AFE6-46A5-8473-BAA30AAC31B8}.Release|Any CPU.Build.0 = Release|Any CPU
	EndGlobalSection
	GlobalSection(SolutionProperties) = preSolution
		HideSolutionNode = FALSE
	EndGlobalSection
	GlobalSection(ExtensibilityGlobals) = postSolution
		SolutionGuid = {A178BCAE-B9F5-4DFF-9C8F-5B2F05C1D285}
	EndGlobalSection
EndGlobal
